// !$*UTF8*$!
{
	archiveVersion = 1;
	classes = {
	};
	objectVersion = 46;
	objects = {

/* Begin PBXBuildFile section */
		820DA4831CC15E9B0019314B /* schemeManage.swift in Sources */ = {isa = PBXBuildFile; fileRef = 820DA4821CC15E9B0019314B /* schemeManage.swift */; };
		820DA4891CC21E910019314B /* InfoWebViewViewController.swift in Sources */ = {isa = PBXBuildFile; fileRef = 820DA4881CC21E910019314B /* InfoWebViewViewController.swift */; };
		821197AF1CC0290B00C9BC48 /* HomeWebViewViewController.swift in Sources */ = {isa = PBXBuildFile; fileRef = 821197AE1CC0290B00C9BC48 /* HomeWebViewViewController.swift */; };
		821197B11CC0893000C9BC48 /* MyScheduleViewController.swift in Sources */ = {isa = PBXBuildFile; fileRef = 821197B01CC0893000C9BC48 /* MyScheduleViewController.swift */; };
		82166EE31CD51EC600029CF3 /* MyScheduleListViewController.swift in Sources */ = {isa = PBXBuildFile; fileRef = 82166EE21CD51EC600029CF3 /* MyScheduleListViewController.swift */; };
		82166EE51CDB084700029CF3 /* PayViewController.swift in Sources */ = {isa = PBXBuildFile; fileRef = 82166EE41CDB084700029CF3 /* PayViewController.swift */; };
		8228C4E51CCEFF5200787A9D /* extensions.swift in Sources */ = {isa = PBXBuildFile; fileRef = 8228C4E41CCEFF5200787A9D /* extensions.swift */; };
		8228C4EF1CCF092A00787A9D /* home-icon@3x.png in Resources */ = {isa = PBXBuildFile; fileRef = 8228C4E61CCF092A00787A9D /* home-icon@3x.png */; };
		8228C4F01CCF092A00787A9D /* home-icon@1x.png in Resources */ = {isa = PBXBuildFile; fileRef = 8228C4E71CCF092A00787A9D /* home-icon@1x.png */; };
		8228C4F11CCF092A00787A9D /* myInfo-icon@2x.png in Resources */ = {isa = PBXBuildFile; fileRef = 8228C4E81CCF092A00787A9D /* myInfo-icon@2x.png */; };
		8228C4F21CCF092A00787A9D /* myinfo-icon@3x.png in Resources */ = {isa = PBXBuildFile; fileRef = 8228C4E91CCF092A00787A9D /* myinfo-icon@3x.png */; };
		8228C4F31CCF092A00787A9D /* mySchedule-icon@1x.png in Resources */ = {isa = PBXBuildFile; fileRef = 8228C4EA1CCF092A00787A9D /* mySchedule-icon@1x.png */; };
		8228C4F41CCF092A00787A9D /* mySchedule-icon@2x.png in Resources */ = {isa = PBXBuildFile; fileRef = 8228C4EB1CCF092A00787A9D /* mySchedule-icon@2x.png */; };
		8228C4F51CCF092A00787A9D /* myInfo-icon@1x.png in Resources */ = {isa = PBXBuildFile; fileRef = 8228C4EC1CCF092A00787A9D /* myInfo-icon@1x.png */; };
		8228C4F61CCF092A00787A9D /* home-icon@2x.png in Resources */ = {isa = PBXBuildFile; fileRef = 8228C4ED1CCF092A00787A9D /* home-icon@2x.png */; };
		8228C4F71CCF092A00787A9D /* mySchedule-icon@3x.png in Resources */ = {isa = PBXBuildFile; fileRef = 8228C4EE1CCF092A00787A9D /* mySchedule-icon@3x.png */; };
		8228C4FF1CCF0C0C00787A9D /* mySchedule-icon-selected@2x.png in Resources */ = {isa = PBXBuildFile; fileRef = 8228C4F81CCF0C0C00787A9D /* mySchedule-icon-selected@2x.png */; };
		8228C5001CCF0C0C00787A9D /* myInfo-icon-selected@1x.png in Resources */ = {isa = PBXBuildFile; fileRef = 8228C4F91CCF0C0C00787A9D /* myInfo-icon-selected@1x.png */; };
		8228C5011CCF0C0C00787A9D /* home-icon-selected@1x.png in Resources */ = {isa = PBXBuildFile; fileRef = 8228C4FA1CCF0C0C00787A9D /* home-icon-selected@1x.png */; };
		8228C5021CCF0C0C00787A9D /* myInfo-icon-selected@2x.png in Resources */ = {isa = PBXBuildFile; fileRef = 8228C4FB1CCF0C0C00787A9D /* myInfo-icon-selected@2x.png */; };
		8228C5031CCF0C0C00787A9D /* home-icon-selected@3x.png in Resources */ = {isa = PBXBuildFile; fileRef = 8228C4FC1CCF0C0C00787A9D /* home-icon-selected@3x.png */; };
		8228C5041CCF0C0C00787A9D /* mySchedule-icon-selected@3x.png in Resources */ = {isa = PBXBuildFile; fileRef = 8228C4FD1CCF0C0C00787A9D /* mySchedule-icon-selected@3x.png */; };
		8228C5051CCF0C0C00787A9D /* home-icon-selected@2x.png in Resources */ = {isa = PBXBuildFile; fileRef = 8228C4FE1CCF0C0C00787A9D /* home-icon-selected@2x.png */; };
		8228C5081CCF0CE100787A9D /* myinfo-icon-selected@3x.png in Resources */ = {isa = PBXBuildFile; fileRef = 8228C5061CCF0CE100787A9D /* myinfo-icon-selected@3x.png */; };
		8228C5091CCF0CE100787A9D /* mySchedule-icon-selected@1x.png in Resources */ = {isa = PBXBuildFile; fileRef = 8228C5071CCF0CE100787A9D /* mySchedule-icon-selected@1x.png */; };
		8228C50B1CCF78CF00787A9D /* crying.png in Resources */ = {isa = PBXBuildFile; fileRef = 8228C50A1CCF78CF00787A9D /* crying.png */; };
		8228C50D1CCF795200787A9D /* login.png in Resources */ = {isa = PBXBuildFile; fileRef = 8228C50C1CCF795200787A9D /* login.png */; };
		8228C50F1CD0FE6400787A9D /* appicon.png in Resources */ = {isa = PBXBuildFile; fileRef = 8228C50E1CD0FE6400787A9D /* appicon.png */; };
		8228C5161CD18E2000787A9D /* Default.png in Resources */ = {isa = PBXBuildFile; fileRef = 8228C5141CD18E2000787A9D /* Default.png */; };
		8228C5171CD18E2000787A9D /* Default@2x.png in Resources */ = {isa = PBXBuildFile; fileRef = 8228C5151CD18E2000787A9D /* Default@2x.png */; };
		8228C5191CD220E600787A9D /* empty-calendar.png in Resources */ = {isa = PBXBuildFile; fileRef = 8228C5181CD220E600787A9D /* empty-calendar.png */; };
		8228C51B1CD221E300787A9D /* person.png in Resources */ = {isa = PBXBuildFile; fileRef = 8228C51A1CD221E300787A9D /* person.png */; };
		822B83121CDF23A800F737D9 /* HealthConditionCheckWebViewViewController.swift in Sources */ = {isa = PBXBuildFile; fileRef = 822B83111CDF23A800F737D9 /* HealthConditionCheckWebViewViewController.swift */; };
		822B83161CE0006300F737D9 /* arrow-down.png in Resources */ = {isa = PBXBuildFile; fileRef = 822B83151CE0006300F737D9 /* arrow-down.png */; };
		822B83181CE14B3E00F737D9 /* INIPayWebViewViewController.swift in Sources */ = {isa = PBXBuildFile; fileRef = 822B83171CE14B3E00F737D9 /* INIPayWebViewViewController.swift */; };
		822B831A1CE16EED00F737D9 /* PayResultViewController.swift in Sources */ = {isa = PBXBuildFile; fileRef = 822B83191CE16EED00F737D9 /* PayResultViewController.swift */; };
		822B83221CE37C6600F737D9 /* person-large.png in Resources */ = {isa = PBXBuildFile; fileRef = 822B83211CE37C6600F737D9 /* person-large.png */; };
		822B83241CE3A26F00F737D9 /* logo-transparent.png in Resources */ = {isa = PBXBuildFile; fileRef = 822B83231CE3A26F00F737D9 /* logo-transparent.png */; };
		822B83261CE7495500F737D9 /* ScheduleinfoViewController.swift in Sources */ = {isa = PBXBuildFile; fileRef = 822B83251CE7495500F737D9 /* ScheduleinfoViewController.swift */; };
		822B83281CE781BC00F737D9 /* phone.png in Resources */ = {isa = PBXBuildFile; fileRef = 822B83271CE781BC00F737D9 /* phone.png */; };
		822B832A1CE82B5A00F737D9 /* RaiusView.swift in Sources */ = {isa = PBXBuildFile; fileRef = 822B83291CE82B5900F737D9 /* RaiusView.swift */; };
		822B832D1CE82CD100F737D9 /* SubmitButton.swift in Sources */ = {isa = PBXBuildFile; fileRef = 822B832C1CE82CD100F737D9 /* SubmitButton.swift */; };
		82370A3A1CBF7311003C745A /* AppDelegate.swift in Sources */ = {isa = PBXBuildFile; fileRef = 82370A391CBF7311003C745A /* AppDelegate.swift */; };
		82370A411CBF7311003C745A /* Assets.xcassets in Resources */ = {isa = PBXBuildFile; fileRef = 82370A401CBF7311003C745A /* Assets.xcassets */; };
		82370A441CBF7311003C745A /* LaunchScreen.storyboard in Resources */ = {isa = PBXBuildFile; fileRef = 82370A421CBF7311003C745A /* LaunchScreen.storyboard */; };
		82370A4F1CBF7311003C745A /* healthjjak_guestTests.swift in Sources */ = {isa = PBXBuildFile; fileRef = 82370A4E1CBF7311003C745A /* healthjjak_guestTests.swift */; };
		82370A5A1CBF7311003C745A /* healthjjak_guestUITests.swift in Sources */ = {isa = PBXBuildFile; fileRef = 82370A591CBF7311003C745A /* healthjjak_guestUITests.swift */; };
		82448EBD1CC2398A00946836 /* memberInfoManage.swift in Sources */ = {isa = PBXBuildFile; fileRef = 82448EBC1CC2398A00946836 /* memberInfoManage.swift */; };
		82448EC51CC25C6900946836 /* JoinViewController.swift in Sources */ = {isa = PBXBuildFile; fileRef = 82448EC41CC25C6900946836 /* JoinViewController.swift */; };
		82448EC71CC25C9D00946836 /* MyInfoViewController.swift in Sources */ = {isa = PBXBuildFile; fileRef = 82448EC61CC25C9D00946836 /* MyInfoViewController.swift */; };
		82448EC91CC25E0C00946836 /* Main.storyboard in Resources */ = {isa = PBXBuildFile; fileRef = 82448EC81CC25E0B00946836 /* Main.storyboard */; };
		82448ECB1CC26E7B00946836 /* JoinNavigationController.swift in Sources */ = {isa = PBXBuildFile; fileRef = 82448ECA1CC26E7B00946836 /* JoinNavigationController.swift */; };
		82448ECD1CC36E9800946836 /* LoginViewController.swift in Sources */ = {isa = PBXBuildFile; fileRef = 82448ECC1CC36E9800946836 /* LoginViewController.swift */; };
		82448ECF1CC3DC3C00946836 /* ReserveViewController.swift in Sources */ = {isa = PBXBuildFile; fileRef = 82448ECE1CC3DC3C00946836 /* ReserveViewController.swift */; };
		82448ED11CC4755B00946836 /* postRequestManage.swift in Sources */ = {isa = PBXBuildFile; fileRef = 82448ED01CC4755B00946836 /* postRequestManage.swift */; };
		82448F2C1CC4F5D900946836 /* LogoutViewController.swift in Sources */ = {isa = PBXBuildFile; fileRef = 82448F2B1CC4F5D900946836 /* LogoutViewController.swift */; };
		82448F301CCCD2FD00946836 /* MainTabBarViewController.swift in Sources */ = {isa = PBXBuildFile; fileRef = 82448F2F1CCCD2FD00946836 /* MainTabBarViewController.swift */; };
		82448F871CCD82AB00946836 /* FavoriteListViewController.swift in Sources */ = {isa = PBXBuildFile; fileRef = 82448F861CCD82AB00946836 /* FavoriteListViewController.swift */; };
		82448F891CCDAF1B00946836 /* UIImage+Gif.swift in Sources */ = {isa = PBXBuildFile; fileRef = 82448F881CCDAF1B00946836 /* UIImage+Gif.swift */; };
		82E5FF301CF10D3100AFB7CF /* IamportViewController.swift in Sources */ = {isa = PBXBuildFile; fileRef = 82E5FF2F1CF10D3100AFB7CF /* IamportViewController.swift */; };
		82E5FF321CF84EAD00AFB7CF /* refresh-icon.png in Resources */ = {isa = PBXBuildFile; fileRef = 82E5FF311CF84EAD00AFB7CF /* refresh-icon.png */; };
		82EFCB241CEA7A5A0023A298 /* PayHistoryViewController.swift in Sources */ = {isa = PBXBuildFile; fileRef = 82EFCB231CEA7A5A0023A298 /* PayHistoryViewController.swift */; };
/* End PBXBuildFile section */

/* Begin PBXContainerItemProxy section */
		82370A4B1CBF7311003C745A /* PBXContainerItemProxy */ = {
			isa = PBXContainerItemProxy;
			containerPortal = 82370A2E1CBF7311003C745A /* Project object */;
			proxyType = 1;
			remoteGlobalIDString = 82370A351CBF7311003C745A;
			remoteInfo = healthjjak_guest;
		};
		82370A561CBF7311003C745A /* PBXContainerItemProxy */ = {
			isa = PBXContainerItemProxy;
			containerPortal = 82370A2E1CBF7311003C745A /* Project object */;
			proxyType = 1;
			remoteGlobalIDString = 82370A351CBF7311003C745A;
			remoteInfo = healthjjak_guest;
		};
/* End PBXContainerItemProxy section */

/* Begin PBXFileReference section */
		820DA4821CC15E9B0019314B /* schemeManage.swift */ = {isa = PBXFileReference; fileEncoding = 4; lastKnownFileType = sourcecode.swift; path = schemeManage.swift; sourceTree = "<group>"; };
		820DA4881CC21E910019314B /* InfoWebViewViewController.swift */ = {isa = PBXFileReference; fileEncoding = 4; lastKnownFileType = sourcecode.swift; path = InfoWebViewViewController.swift; sourceTree = "<group>"; };
		821197AE1CC0290B00C9BC48 /* HomeWebViewViewController.swift */ = {isa = PBXFileReference; fileEncoding = 4; lastKnownFileType = sourcecode.swift; path = HomeWebViewViewController.swift; sourceTree = "<group>"; };
		821197B01CC0893000C9BC48 /* MyScheduleViewController.swift */ = {isa = PBXFileReference; fileEncoding = 4; lastKnownFileType = sourcecode.swift; path = MyScheduleViewController.swift; sourceTree = "<group>"; };
		82166EE21CD51EC600029CF3 /* MyScheduleListViewController.swift */ = {isa = PBXFileReference; fileEncoding = 4; lastKnownFileType = sourcecode.swift; path = MyScheduleListViewController.swift; sourceTree = "<group>"; };
		82166EE41CDB084700029CF3 /* PayViewController.swift */ = {isa = PBXFileReference; fileEncoding = 4; lastKnownFileType = sourcecode.swift; path = PayViewController.swift; sourceTree = "<group>"; };
		8228C4E41CCEFF5200787A9D /* extensions.swift */ = {isa = PBXFileReference; fileEncoding = 4; lastKnownFileType = sourcecode.swift; path = extensions.swift; sourceTree = "<group>"; };
		8228C4E61CCF092A00787A9D /* home-icon@3x.png */ = {isa = PBXFileReference; lastKnownFileType = image.png; path = "home-icon@3x.png"; sourceTree = "<group>"; };
		8228C4E71CCF092A00787A9D /* home-icon@1x.png */ = {isa = PBXFileReference; lastKnownFileType = image.png; path = "home-icon@1x.png"; sourceTree = "<group>"; };
		8228C4E81CCF092A00787A9D /* myInfo-icon@2x.png */ = {isa = PBXFileReference; lastKnownFileType = image.png; path = "myInfo-icon@2x.png"; sourceTree = "<group>"; };
		8228C4E91CCF092A00787A9D /* myinfo-icon@3x.png */ = {isa = PBXFileReference; lastKnownFileType = image.png; path = "myinfo-icon@3x.png"; sourceTree = "<group>"; };
		8228C4EA1CCF092A00787A9D /* mySchedule-icon@1x.png */ = {isa = PBXFileReference; lastKnownFileType = image.png; path = "mySchedule-icon@1x.png"; sourceTree = "<group>"; };
		8228C4EB1CCF092A00787A9D /* mySchedule-icon@2x.png */ = {isa = PBXFileReference; lastKnownFileType = image.png; path = "mySchedule-icon@2x.png"; sourceTree = "<group>"; };
		8228C4EC1CCF092A00787A9D /* myInfo-icon@1x.png */ = {isa = PBXFileReference; lastKnownFileType = image.png; path = "myInfo-icon@1x.png"; sourceTree = "<group>"; };
		8228C4ED1CCF092A00787A9D /* home-icon@2x.png */ = {isa = PBXFileReference; lastKnownFileType = image.png; path = "home-icon@2x.png"; sourceTree = "<group>"; };
		8228C4EE1CCF092A00787A9D /* mySchedule-icon@3x.png */ = {isa = PBXFileReference; lastKnownFileType = image.png; path = "mySchedule-icon@3x.png"; sourceTree = "<group>"; };
		8228C4F81CCF0C0C00787A9D /* mySchedule-icon-selected@2x.png */ = {isa = PBXFileReference; lastKnownFileType = image.png; path = "mySchedule-icon-selected@2x.png"; sourceTree = "<group>"; };
		8228C4F91CCF0C0C00787A9D /* myInfo-icon-selected@1x.png */ = {isa = PBXFileReference; lastKnownFileType = image.png; path = "myInfo-icon-selected@1x.png"; sourceTree = "<group>"; };
		8228C4FA1CCF0C0C00787A9D /* home-icon-selected@1x.png */ = {isa = PBXFileReference; lastKnownFileType = image.png; path = "home-icon-selected@1x.png"; sourceTree = "<group>"; };
		8228C4FB1CCF0C0C00787A9D /* myInfo-icon-selected@2x.png */ = {isa = PBXFileReference; lastKnownFileType = image.png; path = "myInfo-icon-selected@2x.png"; sourceTree = "<group>"; };
		8228C4FC1CCF0C0C00787A9D /* home-icon-selected@3x.png */ = {isa = PBXFileReference; lastKnownFileType = image.png; path = "home-icon-selected@3x.png"; sourceTree = "<group>"; };
		8228C4FD1CCF0C0C00787A9D /* mySchedule-icon-selected@3x.png */ = {isa = PBXFileReference; lastKnownFileType = image.png; path = "mySchedule-icon-selected@3x.png"; sourceTree = "<group>"; };
		8228C4FE1CCF0C0C00787A9D /* home-icon-selected@2x.png */ = {isa = PBXFileReference; lastKnownFileType = image.png; path = "home-icon-selected@2x.png"; sourceTree = "<group>"; };
		8228C5061CCF0CE100787A9D /* myinfo-icon-selected@3x.png */ = {isa = PBXFileReference; lastKnownFileType = image.png; path = "myinfo-icon-selected@3x.png"; sourceTree = "<group>"; };
		8228C5071CCF0CE100787A9D /* mySchedule-icon-selected@1x.png */ = {isa = PBXFileReference; lastKnownFileType = image.png; path = "mySchedule-icon-selected@1x.png"; sourceTree = "<group>"; };
		8228C50A1CCF78CF00787A9D /* crying.png */ = {isa = PBXFileReference; lastKnownFileType = image.png; path = crying.png; sourceTree = "<group>"; };
		8228C50C1CCF795200787A9D /* login.png */ = {isa = PBXFileReference; lastKnownFileType = image.png; path = login.png; sourceTree = "<group>"; };
		8228C50E1CD0FE6400787A9D /* appicon.png */ = {isa = PBXFileReference; lastKnownFileType = image.png; path = appicon.png; sourceTree = "<group>"; };
		8228C5141CD18E2000787A9D /* Default.png */ = {isa = PBXFileReference; lastKnownFileType = image.png; path = Default.png; sourceTree = "<group>"; };
		8228C5151CD18E2000787A9D /* Default@2x.png */ = {isa = PBXFileReference; lastKnownFileType = image.png; path = "Default@2x.png"; sourceTree = "<group>"; };
		8228C5181CD220E600787A9D /* empty-calendar.png */ = {isa = PBXFileReference; lastKnownFileType = image.png; path = "empty-calendar.png"; sourceTree = "<group>"; };
		8228C51A1CD221E300787A9D /* person.png */ = {isa = PBXFileReference; lastKnownFileType = image.png; path = person.png; sourceTree = "<group>"; };
		822B83111CDF23A800F737D9 /* HealthConditionCheckWebViewViewController.swift */ = {isa = PBXFileReference; fileEncoding = 4; lastKnownFileType = sourcecode.swift; path = HealthConditionCheckWebViewViewController.swift; sourceTree = "<group>"; };
		822B83151CE0006300F737D9 /* arrow-down.png */ = {isa = PBXFileReference; lastKnownFileType = image.png; path = "arrow-down.png"; sourceTree = "<group>"; };
		822B83171CE14B3E00F737D9 /* INIPayWebViewViewController.swift */ = {isa = PBXFileReference; fileEncoding = 4; lastKnownFileType = sourcecode.swift; name = INIPayWebViewViewController.swift; path = ../INIPayWebViewViewController.swift; sourceTree = "<group>"; };
		822B83191CE16EED00F737D9 /* PayResultViewController.swift */ = {isa = PBXFileReference; fileEncoding = 4; lastKnownFileType = sourcecode.swift; path = PayResultViewController.swift; sourceTree = "<group>"; };
		822B83211CE37C6600F737D9 /* person-large.png */ = {isa = PBXFileReference; lastKnownFileType = image.png; path = "person-large.png"; sourceTree = "<group>"; };
		822B83231CE3A26F00F737D9 /* logo-transparent.png */ = {isa = PBXFileReference; lastKnownFileType = image.png; path = "logo-transparent.png"; sourceTree = "<group>"; };
		822B83251CE7495500F737D9 /* ScheduleinfoViewController.swift */ = {isa = PBXFileReference; fileEncoding = 4; lastKnownFileType = sourcecode.swift; path = ScheduleinfoViewController.swift; sourceTree = "<group>"; };
		822B83271CE781BC00F737D9 /* phone.png */ = {isa = PBXFileReference; lastKnownFileType = image.png; path = phone.png; sourceTree = "<group>"; };
		822B83291CE82B5900F737D9 /* RaiusView.swift */ = {isa = PBXFileReference; fileEncoding = 4; lastKnownFileType = sourcecode.swift; path = RaiusView.swift; sourceTree = "<group>"; };
		822B832C1CE82CD100F737D9 /* SubmitButton.swift */ = {isa = PBXFileReference; fileEncoding = 4; lastKnownFileType = sourcecode.swift; path = SubmitButton.swift; sourceTree = "<group>"; };
		82370A361CBF7311003C745A /* healthjjak_guest.app */ = {isa = PBXFileReference; explicitFileType = wrapper.application; includeInIndex = 0; path = healthjjak_guest.app; sourceTree = BUILT_PRODUCTS_DIR; };
		82370A391CBF7311003C745A /* AppDelegate.swift */ = {isa = PBXFileReference; lastKnownFileType = sourcecode.swift; path = AppDelegate.swift; sourceTree = "<group>"; };
		82370A401CBF7311003C745A /* Assets.xcassets */ = {isa = PBXFileReference; lastKnownFileType = folder.assetcatalog; path = Assets.xcassets; sourceTree = "<group>"; };
		82370A431CBF7311003C745A /* Base */ = {isa = PBXFileReference; lastKnownFileType = file.storyboard; name = Base; path = Base.lproj/LaunchScreen.storyboard; sourceTree = "<group>"; };
		82370A451CBF7311003C745A /* Info.plist */ = {isa = PBXFileReference; lastKnownFileType = text.plist.xml; path = Info.plist; sourceTree = "<group>"; };
		82370A4A1CBF7311003C745A /* healthjjak_guestTests.xctest */ = {isa = PBXFileReference; explicitFileType = wrapper.cfbundle; includeInIndex = 0; path = healthjjak_guestTests.xctest; sourceTree = BUILT_PRODUCTS_DIR; };
		82370A4E1CBF7311003C745A /* healthjjak_guestTests.swift */ = {isa = PBXFileReference; lastKnownFileType = sourcecode.swift; path = healthjjak_guestTests.swift; sourceTree = "<group>"; };
		82370A501CBF7311003C745A /* Info.plist */ = {isa = PBXFileReference; lastKnownFileType = text.plist.xml; path = Info.plist; sourceTree = "<group>"; };
		82370A551CBF7311003C745A /* healthjjak_guestUITests.xctest */ = {isa = PBXFileReference; explicitFileType = wrapper.cfbundle; includeInIndex = 0; path = healthjjak_guestUITests.xctest; sourceTree = BUILT_PRODUCTS_DIR; };
		82370A591CBF7311003C745A /* healthjjak_guestUITests.swift */ = {isa = PBXFileReference; lastKnownFileType = sourcecode.swift; path = healthjjak_guestUITests.swift; sourceTree = "<group>"; };
		82370A5B1CBF7311003C745A /* Info.plist */ = {isa = PBXFileReference; lastKnownFileType = text.plist.xml; path = Info.plist; sourceTree = "<group>"; };
		82448EBC1CC2398A00946836 /* memberInfoManage.swift */ = {isa = PBXFileReference; fileEncoding = 4; lastKnownFileType = sourcecode.swift; path = memberInfoManage.swift; sourceTree = "<group>"; };
		82448EC41CC25C6900946836 /* JoinViewController.swift */ = {isa = PBXFileReference; fileEncoding = 4; lastKnownFileType = sourcecode.swift; path = JoinViewController.swift; sourceTree = "<group>"; };
		82448EC61CC25C9D00946836 /* MyInfoViewController.swift */ = {isa = PBXFileReference; fileEncoding = 4; lastKnownFileType = sourcecode.swift; path = MyInfoViewController.swift; sourceTree = "<group>"; };
		82448EC81CC25E0B00946836 /* Main.storyboard */ = {isa = PBXFileReference; fileEncoding = 4; lastKnownFileType = file.storyboard; path = Main.storyboard; sourceTree = "<group>"; };
		82448ECA1CC26E7B00946836 /* JoinNavigationController.swift */ = {isa = PBXFileReference; fileEncoding = 4; lastKnownFileType = sourcecode.swift; path = JoinNavigationController.swift; sourceTree = "<group>"; };
		82448ECC1CC36E9800946836 /* LoginViewController.swift */ = {isa = PBXFileReference; fileEncoding = 4; lastKnownFileType = sourcecode.swift; path = LoginViewController.swift; sourceTree = "<group>"; };
		82448ECE1CC3DC3C00946836 /* ReserveViewController.swift */ = {isa = PBXFileReference; fileEncoding = 4; lastKnownFileType = sourcecode.swift; path = ReserveViewController.swift; sourceTree = "<group>"; };
		82448ED01CC4755B00946836 /* postRequestManage.swift */ = {isa = PBXFileReference; fileEncoding = 4; lastKnownFileType = sourcecode.swift; path = postRequestManage.swift; sourceTree = "<group>"; };
		82448F2B1CC4F5D900946836 /* LogoutViewController.swift */ = {isa = PBXFileReference; fileEncoding = 4; lastKnownFileType = sourcecode.swift; path = LogoutViewController.swift; sourceTree = "<group>"; };
		82448F2F1CCCD2FD00946836 /* MainTabBarViewController.swift */ = {isa = PBXFileReference; fileEncoding = 4; lastKnownFileType = sourcecode.swift; path = MainTabBarViewController.swift; sourceTree = "<group>"; };
		82448F861CCD82AB00946836 /* FavoriteListViewController.swift */ = {isa = PBXFileReference; fileEncoding = 4; lastKnownFileType = sourcecode.swift; path = FavoriteListViewController.swift; sourceTree = "<group>"; };
		82448F881CCDAF1B00946836 /* UIImage+Gif.swift */ = {isa = PBXFileReference; fileEncoding = 4; lastKnownFileType = sourcecode.swift; path = "UIImage+Gif.swift"; sourceTree = "<group>"; };
		82E5FF2F1CF10D3100AFB7CF /* IamportViewController.swift */ = {isa = PBXFileReference; fileEncoding = 4; lastKnownFileType = sourcecode.swift; path = IamportViewController.swift; sourceTree = "<group>"; };
		82E5FF311CF84EAD00AFB7CF /* refresh-icon.png */ = {isa = PBXFileReference; lastKnownFileType = image.png; path = "refresh-icon.png"; sourceTree = "<group>"; };
		82EFCB231CEA7A5A0023A298 /* PayHistoryViewController.swift */ = {isa = PBXFileReference; fileEncoding = 4; lastKnownFileType = sourcecode.swift; path = PayHistoryViewController.swift; sourceTree = "<group>"; };
/* End PBXFileReference section */

/* Begin PBXFrameworksBuildPhase section */
		82370A331CBF7311003C745A /* Frameworks */ = {
			isa = PBXFrameworksBuildPhase;
			buildActionMask = 2147483647;
			files = (
			);
			runOnlyForDeploymentPostprocessing = 0;
		};
		82370A471CBF7311003C745A /* Frameworks */ = {
			isa = PBXFrameworksBuildPhase;
			buildActionMask = 2147483647;
			files = (
			);
			runOnlyForDeploymentPostprocessing = 0;
		};
		82370A521CBF7311003C745A /* Frameworks */ = {
			isa = PBXFrameworksBuildPhase;
			buildActionMask = 2147483647;
			files = (
			);
			runOnlyForDeploymentPostprocessing = 0;
		};
/* End PBXFrameworksBuildPhase section */

/* Begin PBXGroup section */
		822B832B1CE82B6300F737D9 /* UIStyle */ = {
			isa = PBXGroup;
			children = (
				822B83291CE82B5900F737D9 /* RaiusView.swift */,
				822B832C1CE82CD100F737D9 /* SubmitButton.swift */,
			);
			name = UIStyle;
			sourceTree = "<group>";
		};
		82370A2D1CBF7311003C745A = {
			isa = PBXGroup;
			children = (
				82370A381CBF7311003C745A /* healthjjak_guest */,
				82370A4D1CBF7311003C745A /* healthjjak_guestTests */,
				82370A581CBF7311003C745A /* healthjjak_guestUITests */,
				82370A371CBF7311003C745A /* Products */,
			);
			sourceTree = "<group>";
		};
		82370A371CBF7311003C745A /* Products */ = {
			isa = PBXGroup;
			children = (
				82370A361CBF7311003C745A /* healthjjak_guest.app */,
				82370A4A1CBF7311003C745A /* healthjjak_guestTests.xctest */,
				82370A551CBF7311003C745A /* healthjjak_guestUITests.xctest */,
			);
			name = Products;
			sourceTree = "<group>";
		};
		82370A381CBF7311003C745A /* healthjjak_guest */ = {
			isa = PBXGroup;
			children = (
				82E5FF2E1CF0D16B00AFB7CF /* controllers */,
				82E5FF2D1CF0D12700AFB7CF /* includes */,
				822B832B1CE82B6300F737D9 /* UIStyle */,
				82448F6D1CCCD89E00946836 /* resources */,
				82448EC81CC25E0B00946836 /* Main.storyboard */,
				82370A391CBF7311003C745A /* AppDelegate.swift */,
				82370A401CBF7311003C745A /* Assets.xcassets */,
				82370A421CBF7311003C745A /* LaunchScreen.storyboard */,
				82370A451CBF7311003C745A /* Info.plist */,
			);
			path = healthjjak_guest;
			sourceTree = "<group>";
		};
		82370A4D1CBF7311003C745A /* healthjjak_guestTests */ = {
			isa = PBXGroup;
			children = (
				82370A4E1CBF7311003C745A /* healthjjak_guestTests.swift */,
				82370A501CBF7311003C745A /* Info.plist */,
			);
			path = healthjjak_guestTests;
			sourceTree = "<group>";
		};
		82370A581CBF7311003C745A /* healthjjak_guestUITests */ = {
			isa = PBXGroup;
			children = (
				82370A591CBF7311003C745A /* healthjjak_guestUITests.swift */,
				82370A5B1CBF7311003C745A /* Info.plist */,
			);
			path = healthjjak_guestUITests;
			sourceTree = "<group>";
		};
		82448F6D1CCCD89E00946836 /* resources */ = {
			isa = PBXGroup;
			children = (
				82E5FF311CF84EAD00AFB7CF /* refresh-icon.png */,
				8228C4E61CCF092A00787A9D /* home-icon@3x.png */,
				8228C4E71CCF092A00787A9D /* home-icon@1x.png */,
				8228C4E81CCF092A00787A9D /* myInfo-icon@2x.png */,
				8228C4E91CCF092A00787A9D /* myinfo-icon@3x.png */,
				8228C4EA1CCF092A00787A9D /* mySchedule-icon@1x.png */,
				8228C4EB1CCF092A00787A9D /* mySchedule-icon@2x.png */,
				8228C4EC1CCF092A00787A9D /* myInfo-icon@1x.png */,
				8228C4ED1CCF092A00787A9D /* home-icon@2x.png */,
				8228C4EE1CCF092A00787A9D /* mySchedule-icon@3x.png */,
				8228C4F81CCF0C0C00787A9D /* mySchedule-icon-selected@2x.png */,
				8228C4F91CCF0C0C00787A9D /* myInfo-icon-selected@1x.png */,
				8228C4FA1CCF0C0C00787A9D /* home-icon-selected@1x.png */,
				8228C4FB1CCF0C0C00787A9D /* myInfo-icon-selected@2x.png */,
				8228C4FC1CCF0C0C00787A9D /* home-icon-selected@3x.png */,
				8228C4FD1CCF0C0C00787A9D /* mySchedule-icon-selected@3x.png */,
				8228C4FE1CCF0C0C00787A9D /* home-icon-selected@2x.png */,
				8228C5061CCF0CE100787A9D /* myinfo-icon-selected@3x.png */,
				8228C5071CCF0CE100787A9D /* mySchedule-icon-selected@1x.png */,
				8228C5181CD220E600787A9D /* empty-calendar.png */,
				8228C50C1CCF795200787A9D /* login.png */,
				8228C50A1CCF78CF00787A9D /* crying.png */,
				8228C50E1CD0FE6400787A9D /* appicon.png */,
				8228C5141CD18E2000787A9D /* Default.png */,
				8228C5151CD18E2000787A9D /* Default@2x.png */,
				8228C51A1CD221E300787A9D /* person.png */,
				822B83211CE37C6600F737D9 /* person-large.png */,
				822B83231CE3A26F00F737D9 /* logo-transparent.png */,
				822B83271CE781BC00F737D9 /* phone.png */,
				822B83151CE0006300F737D9 /* arrow-down.png */,
			);
			name = resources;
			sourceTree = "<group>";
		};
		82E5FF2D1CF0D12700AFB7CF /* includes */ = {
			isa = PBXGroup;
			children = (
				82448F881CCDAF1B00946836 /* UIImage+Gif.swift */,
				8228C4E41CCEFF5200787A9D /* extensions.swift */,
				82448EBC1CC2398A00946836 /* memberInfoManage.swift */,
				82448ED01CC4755B00946836 /* postRequestManage.swift */,
				820DA4821CC15E9B0019314B /* schemeManage.swift */,
			);
			name = includes;
			sourceTree = "<group>";
		};
		82E5FF2E1CF0D16B00AFB7CF /* controllers */ = {
			isa = PBXGroup;
			children = (
				82EFCB231CEA7A5A0023A298 /* PayHistoryViewController.swift */,
				822B83191CE16EED00F737D9 /* PayResultViewController.swift */,
				822B83171CE14B3E00F737D9 /* INIPayWebViewViewController.swift */,
				82166EE41CDB084700029CF3 /* PayViewController.swift */,
				822B83111CDF23A800F737D9 /* HealthConditionCheckWebViewViewController.swift */,
				82448F2F1CCCD2FD00946836 /* MainTabBarViewController.swift */,
				82448ECE1CC3DC3C00946836 /* ReserveViewController.swift */,
				82448ECC1CC36E9800946836 /* LoginViewController.swift */,
				82448ECA1CC26E7B00946836 /* JoinNavigationController.swift */,
				82448EC41CC25C6900946836 /* JoinViewController.swift */,
				82448EC61CC25C9D00946836 /* MyInfoViewController.swift */,
				821197B01CC0893000C9BC48 /* MyScheduleViewController.swift */,
				82448F861CCD82AB00946836 /* FavoriteListViewController.swift */,
				82166EE21CD51EC600029CF3 /* MyScheduleListViewController.swift */,
				822B83251CE7495500F737D9 /* ScheduleinfoViewController.swift */,
				821197AE1CC0290B00C9BC48 /* HomeWebViewViewController.swift */,
				820DA4881CC21E910019314B /* InfoWebViewViewController.swift */,
				82448F2B1CC4F5D900946836 /* LogoutViewController.swift */,
				82E5FF2F1CF10D3100AFB7CF /* IamportViewController.swift */,
			);
			name = controllers;
			sourceTree = "<group>";
		};
/* End PBXGroup section */

/* Begin PBXNativeTarget section */
		82370A351CBF7311003C745A /* healthjjak_guest */ = {
			isa = PBXNativeTarget;
			buildConfigurationList = 82370A5E1CBF7311003C745A /* Build configuration list for PBXNativeTarget "healthjjak_guest" */;
			buildPhases = (
				82370A321CBF7311003C745A /* Sources */,
				82370A331CBF7311003C745A /* Frameworks */,
				82370A341CBF7311003C745A /* Resources */,
			);
			buildRules = (
			);
			dependencies = (
			);
			name = healthjjak_guest;
			productName = healthjjak_guest;
			productReference = 82370A361CBF7311003C745A /* healthjjak_guest.app */;
			productType = "com.apple.product-type.application";
		};
		82370A491CBF7311003C745A /* healthjjak_guestTests */ = {
			isa = PBXNativeTarget;
			buildConfigurationList = 82370A611CBF7311003C745A /* Build configuration list for PBXNativeTarget "healthjjak_guestTests" */;
			buildPhases = (
				82370A461CBF7311003C745A /* Sources */,
				82370A471CBF7311003C745A /* Frameworks */,
				82370A481CBF7311003C745A /* Resources */,
			);
			buildRules = (
			);
			dependencies = (
				82370A4C1CBF7311003C745A /* PBXTargetDependency */,
			);
			name = healthjjak_guestTests;
			productName = healthjjak_guestTests;
			productReference = 82370A4A1CBF7311003C745A /* healthjjak_guestTests.xctest */;
			productType = "com.apple.product-type.bundle.unit-test";
		};
		82370A541CBF7311003C745A /* healthjjak_guestUITests */ = {
			isa = PBXNativeTarget;
			buildConfigurationList = 82370A641CBF7311003C745A /* Build configuration list for PBXNativeTarget "healthjjak_guestUITests" */;
			buildPhases = (
				82370A511CBF7311003C745A /* Sources */,
				82370A521CBF7311003C745A /* Frameworks */,
				82370A531CBF7311003C745A /* Resources */,
			);
			buildRules = (
			);
			dependencies = (
				82370A571CBF7311003C745A /* PBXTargetDependency */,
			);
			name = healthjjak_guestUITests;
			productName = healthjjak_guestUITests;
			productReference = 82370A551CBF7311003C745A /* healthjjak_guestUITests.xctest */;
			productType = "com.apple.product-type.bundle.ui-testing";
		};
/* End PBXNativeTarget section */

/* Begin PBXProject section */
		82370A2E1CBF7311003C745A /* Project object */ = {
			isa = PBXProject;
			attributes = {
				LastSwiftUpdateCheck = 0730;
				LastUpgradeCheck = 0730;
				ORGANIZATIONNAME = "이가람";
				TargetAttributes = {
					82370A351CBF7311003C745A = {
						CreatedOnToolsVersion = 7.3;
						DevelopmentTeam = SV4B865JN6;
					};
					82370A491CBF7311003C745A = {
						CreatedOnToolsVersion = 7.3;
						TestTargetID = 82370A351CBF7311003C745A;
					};
					82370A541CBF7311003C745A = {
						CreatedOnToolsVersion = 7.3;
						TestTargetID = 82370A351CBF7311003C745A;
					};
				};
			};
			buildConfigurationList = 82370A311CBF7311003C745A /* Build configuration list for PBXProject "healthjjak_guest" */;
			compatibilityVersion = "Xcode 3.2";
			developmentRegion = English;
			hasScannedForEncodings = 0;
			knownRegions = (
				en,
				Base,
			);
			mainGroup = 82370A2D1CBF7311003C745A;
			productRefGroup = 82370A371CBF7311003C745A /* Products */;
			projectDirPath = "";
			projectRoot = "";
			targets = (
				82370A351CBF7311003C745A /* healthjjak_guest */,
				82370A491CBF7311003C745A /* healthjjak_guestTests */,
				82370A541CBF7311003C745A /* healthjjak_guestUITests */,
			);
		};
/* End PBXProject section */

/* Begin PBXResourcesBuildPhase section */
		82370A341CBF7311003C745A /* Resources */ = {
			isa = PBXResourcesBuildPhase;
			buildActionMask = 2147483647;
			files = (
				8228C5041CCF0C0C00787A9D /* mySchedule-icon-selected@3x.png in Resources */,
				82448EC91CC25E0C00946836 /* Main.storyboard in Resources */,
				8228C5191CD220E600787A9D /* empty-calendar.png in Resources */,
				8228C4F11CCF092A00787A9D /* myInfo-icon@2x.png in Resources */,
				8228C5081CCF0CE100787A9D /* myinfo-icon-selected@3x.png in Resources */,
				822B83161CE0006300F737D9 /* arrow-down.png in Resources */,
				8228C5171CD18E2000787A9D /* Default@2x.png in Resources */,
				8228C4EF1CCF092A00787A9D /* home-icon@3x.png in Resources */,
				8228C4F31CCF092A00787A9D /* mySchedule-icon@1x.png in Resources */,
				82370A441CBF7311003C745A /* LaunchScreen.storyboard in Resources */,
				8228C5031CCF0C0C00787A9D /* home-icon-selected@3x.png in Resources */,
				8228C5001CCF0C0C00787A9D /* myInfo-icon-selected@1x.png in Resources */,
				8228C5091CCF0CE100787A9D /* mySchedule-icon-selected@1x.png in Resources */,
				8228C5021CCF0C0C00787A9D /* myInfo-icon-selected@2x.png in Resources */,
				8228C4F01CCF092A00787A9D /* home-icon@1x.png in Resources */,
				8228C4F41CCF092A00787A9D /* mySchedule-icon@2x.png in Resources */,
				8228C50B1CCF78CF00787A9D /* crying.png in Resources */,
				8228C4F21CCF092A00787A9D /* myinfo-icon@3x.png in Resources */,
				8228C5011CCF0C0C00787A9D /* home-icon-selected@1x.png in Resources */,
				8228C50F1CD0FE6400787A9D /* appicon.png in Resources */,
				8228C50D1CCF795200787A9D /* login.png in Resources */,
				8228C51B1CD221E300787A9D /* person.png in Resources */,
				822B83281CE781BC00F737D9 /* phone.png in Resources */,
				8228C4F51CCF092A00787A9D /* myInfo-icon@1x.png in Resources */,
				8228C5161CD18E2000787A9D /* Default.png in Resources */,
				822B83241CE3A26F00F737D9 /* logo-transparent.png in Resources */,
				8228C4F71CCF092A00787A9D /* mySchedule-icon@3x.png in Resources */,
				8228C4FF1CCF0C0C00787A9D /* mySchedule-icon-selected@2x.png in Resources */,
				82370A411CBF7311003C745A /* Assets.xcassets in Resources */,
				82E5FF321CF84EAD00AFB7CF /* refresh-icon.png in Resources */,
				8228C5051CCF0C0C00787A9D /* home-icon-selected@2x.png in Resources */,
				822B83221CE37C6600F737D9 /* person-large.png in Resources */,
				8228C4F61CCF092A00787A9D /* home-icon@2x.png in Resources */,
			);
			runOnlyForDeploymentPostprocessing = 0;
		};
		82370A481CBF7311003C745A /* Resources */ = {
			isa = PBXResourcesBuildPhase;
			buildActionMask = 2147483647;
			files = (
			);
			runOnlyForDeploymentPostprocessing = 0;
		};
		82370A531CBF7311003C745A /* Resources */ = {
			isa = PBXResourcesBuildPhase;
			buildActionMask = 2147483647;
			files = (
			);
			runOnlyForDeploymentPostprocessing = 0;
		};
/* End PBXResourcesBuildPhase section */

/* Begin PBXSourcesBuildPhase section */
		82370A321CBF7311003C745A /* Sources */ = {
			isa = PBXSourcesBuildPhase;
			buildActionMask = 2147483647;
			files = (
				82448F891CCDAF1B00946836 /* UIImage+Gif.swift in Sources */,
				82448F301CCCD2FD00946836 /* MainTabBarViewController.swift in Sources */,
				82EFCB241CEA7A5A0023A298 /* PayHistoryViewController.swift in Sources */,
				82448EBD1CC2398A00946836 /* memberInfoManage.swift in Sources */,
				82448ED11CC4755B00946836 /* postRequestManage.swift in Sources */,
				8228C4E51CCEFF5200787A9D /* extensions.swift in Sources */,
				822B83261CE7495500F737D9 /* ScheduleinfoViewController.swift in Sources */,
				82166EE31CD51EC600029CF3 /* MyScheduleListViewController.swift in Sources */,
				82448EC51CC25C6900946836 /* JoinViewController.swift in Sources */,
				82448F2C1CC4F5D900946836 /* LogoutViewController.swift in Sources */,
				82370A3A1CBF7311003C745A /* AppDelegate.swift in Sources */,
				822B831A1CE16EED00F737D9 /* PayResultViewController.swift in Sources */,
				822B832A1CE82B5A00F737D9 /* RaiusView.swift in Sources */,
				820DA4891CC21E910019314B /* InfoWebViewViewController.swift in Sources */,
				82166EE51CDB084700029CF3 /* PayViewController.swift in Sources */,
				82448ECF1CC3DC3C00946836 /* ReserveViewController.swift in Sources */,
				820DA4831CC15E9B0019314B /* schemeManage.swift in Sources */,
				822B83181CE14B3E00F737D9 /* INIPayWebViewViewController.swift in Sources */,
				821197AF1CC0290B00C9BC48 /* HomeWebViewViewController.swift in Sources */,
				822B83121CDF23A800F737D9 /* HealthConditionCheckWebViewViewController.swift in Sources */,
				82448EC71CC25C9D00946836 /* MyInfoViewController.swift in Sources */,
				822B832D1CE82CD100F737D9 /* SubmitButton.swift in Sources */,
				82448F871CCD82AB00946836 /* FavoriteListViewController.swift in Sources */,
				821197B11CC0893000C9BC48 /* MyScheduleViewController.swift in Sources */,
				82448ECB1CC26E7B00946836 /* JoinNavigationController.swift in Sources */,
				82448ECD1CC36E9800946836 /* LoginViewController.swift in Sources */,
				82E5FF301CF10D3100AFB7CF /* IamportViewController.swift in Sources */,
			);
			runOnlyForDeploymentPostprocessing = 0;
		};
		82370A461CBF7311003C745A /* Sources */ = {
			isa = PBXSourcesBuildPhase;
			buildActionMask = 2147483647;
			files = (
				82370A4F1CBF7311003C745A /* healthjjak_guestTests.swift in Sources */,
			);
			runOnlyForDeploymentPostprocessing = 0;
		};
		82370A511CBF7311003C745A /* Sources */ = {
			isa = PBXSourcesBuildPhase;
			buildActionMask = 2147483647;
			files = (
				82370A5A1CBF7311003C745A /* healthjjak_guestUITests.swift in Sources */,
			);
			runOnlyForDeploymentPostprocessing = 0;
		};
/* End PBXSourcesBuildPhase section */

/* Begin PBXTargetDependency section */
		82370A4C1CBF7311003C745A /* PBXTargetDependency */ = {
			isa = PBXTargetDependency;
			target = 82370A351CBF7311003C745A /* healthjjak_guest */;
			targetProxy = 82370A4B1CBF7311003C745A /* PBXContainerItemProxy */;
		};
		82370A571CBF7311003C745A /* PBXTargetDependency */ = {
			isa = PBXTargetDependency;
			target = 82370A351CBF7311003C745A /* healthjjak_guest */;
			targetProxy = 82370A561CBF7311003C745A /* PBXContainerItemProxy */;
		};
/* End PBXTargetDependency section */

/* Begin PBXVariantGroup section */
		82370A421CBF7311003C745A /* LaunchScreen.storyboard */ = {
			isa = PBXVariantGroup;
			children = (
				82370A431CBF7311003C745A /* Base */,
			);
			name = LaunchScreen.storyboard;
			sourceTree = "<group>";
		};
/* End PBXVariantGroup section */

/* Begin XCBuildConfiguration section */
		82370A5C1CBF7311003C745A /* Debug */ = {
			isa = XCBuildConfiguration;
			buildSettings = {
				ALWAYS_SEARCH_USER_PATHS = NO;
				CLANG_ANALYZER_NONNULL = YES;
				CLANG_CXX_LANGUAGE_STANDARD = "gnu++0x";
				CLANG_CXX_LIBRARY = "libc++";
				CLANG_ENABLE_MODULES = YES;
				CLANG_ENABLE_OBJC_ARC = YES;
				CLANG_WARN_BOOL_CONVERSION = YES;
				CLANG_WARN_CONSTANT_CONVERSION = YES;
				CLANG_WARN_DIRECT_OBJC_ISA_USAGE = YES_ERROR;
				CLANG_WARN_EMPTY_BODY = YES;
				CLANG_WARN_ENUM_CONVERSION = YES;
				CLANG_WARN_INT_CONVERSION = YES;
				CLANG_WARN_OBJC_ROOT_CLASS = YES_ERROR;
				CLANG_WARN_UNREACHABLE_CODE = YES;
				CLANG_WARN__DUPLICATE_METHOD_MATCH = YES;
				"CODE_SIGN_IDENTITY[sdk=iphoneos*]" = "iPhone Developer";
				COPY_PHASE_STRIP = NO;
				DEBUG_INFORMATION_FORMAT = dwarf;
				ENABLE_STRICT_OBJC_MSGSEND = YES;
				ENABLE_TESTABILITY = YES;
				GCC_C_LANGUAGE_STANDARD = gnu99;
				GCC_DYNAMIC_NO_PIC = NO;
				GCC_NO_COMMON_BLOCKS = YES;
				GCC_OPTIMIZATION_LEVEL = 0;
				GCC_PREPROCESSOR_DEFINITIONS = (
					"DEBUG=1",
					"$(inherited)",
				);
				GCC_WARN_64_TO_32_BIT_CONVERSION = YES;
				GCC_WARN_ABOUT_RETURN_TYPE = YES_ERROR;
				GCC_WARN_UNDECLARED_SELECTOR = YES;
				GCC_WARN_UNINITIALIZED_AUTOS = YES_AGGRESSIVE;
				GCC_WARN_UNUSED_FUNCTION = YES;
				GCC_WARN_UNUSED_VARIABLE = YES;
				IPHONEOS_DEPLOYMENT_TARGET = 9.3;
				MTL_ENABLE_DEBUG_INFO = YES;
				ONLY_ACTIVE_ARCH = YES;
				SDKROOT = iphoneos;
				SWIFT_OPTIMIZATION_LEVEL = "-Onone";
			};
			name = Debug;
		};
		82370A5D1CBF7311003C745A /* Release */ = {
			isa = XCBuildConfiguration;
			buildSettings = {
				ALWAYS_SEARCH_USER_PATHS = NO;
				CLANG_ANALYZER_NONNULL = YES;
				CLANG_CXX_LANGUAGE_STANDARD = "gnu++0x";
				CLANG_CXX_LIBRARY = "libc++";
				CLANG_ENABLE_MODULES = YES;
				CLANG_ENABLE_OBJC_ARC = YES;
				CLANG_WARN_BOOL_CONVERSION = YES;
				CLANG_WARN_CONSTANT_CONVERSION = YES;
				CLANG_WARN_DIRECT_OBJC_ISA_USAGE = YES_ERROR;
				CLANG_WARN_EMPTY_BODY = YES;
				CLANG_WARN_ENUM_CONVERSION = YES;
				CLANG_WARN_INT_CONVERSION = YES;
				CLANG_WARN_OBJC_ROOT_CLASS = YES_ERROR;
				CLANG_WARN_UNREACHABLE_CODE = YES;
				CLANG_WARN__DUPLICATE_METHOD_MATCH = YES;
				"CODE_SIGN_IDENTITY[sdk=iphoneos*]" = "iPhone Developer";
				COPY_PHASE_STRIP = NO;
				DEBUG_INFORMATION_FORMAT = "dwarf-with-dsym";
				ENABLE_NS_ASSERTIONS = NO;
				ENABLE_STRICT_OBJC_MSGSEND = YES;
				GCC_C_LANGUAGE_STANDARD = gnu99;
				GCC_NO_COMMON_BLOCKS = YES;
				GCC_WARN_64_TO_32_BIT_CONVERSION = YES;
				GCC_WARN_ABOUT_RETURN_TYPE = YES_ERROR;
				GCC_WARN_UNDECLARED_SELECTOR = YES;
				GCC_WARN_UNINITIALIZED_AUTOS = YES_AGGRESSIVE;
				GCC_WARN_UNUSED_FUNCTION = YES;
				GCC_WARN_UNUSED_VARIABLE = YES;
				IPHONEOS_DEPLOYMENT_TARGET = 9.3;
				MTL_ENABLE_DEBUG_INFO = NO;
				SDKROOT = iphoneos;
				VALIDATE_PRODUCT = YES;
			};
			name = Release;
		};
		82370A5F1CBF7311003C745A /* Debug */ = {
			isa = XCBuildConfiguration;
			buildSettings = {
				ASSETCATALOG_COMPILER_APPICON_NAME = AppIcon;
				ASSETCATALOG_COMPILER_LAUNCHIMAGE_NAME = "Brand Assets";
				CODE_SIGN_IDENTITY = "iPhone Developer";
				"CODE_SIGN_IDENTITY[sdk=iphoneos*]" = "iPhone Developer";
				INFOPLIST_FILE = healthjjak_guest/Info.plist;
				IPHONEOS_DEPLOYMENT_TARGET = 8.0;
				LD_RUNPATH_SEARCH_PATHS = "$(inherited) @executable_path/Frameworks";
				PRODUCT_BUNDLE_IDENTIFIER = "com.healthjjak.healthjjak-guest";
				PRODUCT_NAME = "$(TARGET_NAME)";
				PROVISIONING_PROFILE = "";
			};
			name = Debug;
		};
		82370A601CBF7311003C745A /* Release */ = {
			isa = XCBuildConfiguration;
			buildSettings = {
				ASSETCATALOG_COMPILER_APPICON_NAME = AppIcon;
				ASSETCATALOG_COMPILER_LAUNCHIMAGE_NAME = "Brand Assets";
				CODE_SIGN_IDENTITY = "iPhone Developer";
				"CODE_SIGN_IDENTITY[sdk=iphoneos*]" = "iPhone Developer";
				INFOPLIST_FILE = healthjjak_guest/Info.plist;
				IPHONEOS_DEPLOYMENT_TARGET = 8.0;
				LD_RUNPATH_SEARCH_PATHS = "$(inherited) @executable_path/Frameworks";
				PRODUCT_BUNDLE_IDENTIFIER = "com.healthjjak.healthjjak-guest";
				PRODUCT_NAME = "$(TARGET_NAME)";
				PROVISIONING_PROFILE = "";
			};
			name = Release;
		};
		82370A621CBF7311003C745A /* Debug */ = {
			isa = XCBuildConfiguration;
			buildSettings = {
				BUNDLE_LOADER = "$(TEST_HOST)";
				INFOPLIST_FILE = healthjjak_guestTests/Info.plist;
				LD_RUNPATH_SEARCH_PATHS = "$(inherited) @executable_path/Frameworks @loader_path/Frameworks";
				PRODUCT_BUNDLE_IDENTIFIER = "com.healthjjak.healthjjak-guestTests";
				PRODUCT_NAME = "$(TARGET_NAME)";
				TEST_HOST = "$(BUILT_PRODUCTS_DIR)/healthjjak_guest.app/healthjjak_guest";
			};
			name = Debug;
		};
		82370A631CBF7311003C745A /* Release */ = {
			isa = XCBuildConfiguration;
			buildSettings = {
				BUNDLE_LOADER = "$(TEST_HOST)";
				INFOPLIST_FILE = healthjjak_guestTests/Info.plist;
				LD_RUNPATH_SEARCH_PATHS = "$(inherited) @executable_path/Frameworks @loader_path/Frameworks";
				PRODUCT_BUNDLE_IDENTIFIER = "com.healthjjak.healthjjak-guestTests";
				PRODUCT_NAME = "$(TARGET_NAME)";
				TEST_HOST = "$(BUILT_PRODUCTS_DIR)/healthjjak_guest.app/healthjjak_guest";
			};
			name = Release;
		};
		82370A651CBF7311003C745A /* Debug */ = {
			isa = XCBuildConfiguration;
			buildSettings = {
				INFOPLIST_FILE = healthjjak_guestUITests/Info.plist;
				LD_RUNPATH_SEARCH_PATHS = "$(inherited) @executable_path/Frameworks @loader_path/Frameworks";
				PRODUCT_BUNDLE_IDENTIFIER = "com.healthjjak.healthjjak-guestUITests";
				PRODUCT_NAME = "$(TARGET_NAME)";
				TEST_TARGET_NAME = healthjjak_guest;
			};
			name = Debug;
		};
		82370A661CBF7311003C745A /* Release */ = {
			isa = XCBuildConfiguration;
			buildSettings = {
				INFOPLIST_FILE = healthjjak_guestUITests/Info.plist;
				LD_RUNPATH_SEARCH_PATHS = "$(inherited) @executable_path/Frameworks @loader_path/Frameworks";
				PRODUCT_BUNDLE_IDENTIFIER = "com.healthjjak.healthjjak-guestUITests";
				PRODUCT_NAME = "$(TARGET_NAME)";
				TEST_TARGET_NAME = healthjjak_guest;
			};
			name = Release;
		};
/* End XCBuildConfiguration section */

/* Begin XCConfigurationList section */
		82370A311CBF7311003C745A /* Build configuration list for PBXProject "healthjjak_guest" */ = {
			isa = XCConfigurationList;
			buildConfigurations = (
				82370A5C1CBF7311003C745A /* Debug */,
				82370A5D1CBF7311003C745A /* Release */,
			);
			defaultConfigurationIsVisible = 0;
			defaultConfigurationName = Release;
		};
		82370A5E1CBF7311003C745A /* Build configuration list for PBXNativeTarget "healthjjak_guest" */ = {
			isa = XCConfigurationList;
			buildConfigurations = (
				82370A5F1CBF7311003C745A /* Debug */,
				82370A601CBF7311003C745A /* Release */,
			);
			defaultConfigurationIsVisible = 0;
			defaultConfigurationName = Release;
		};
		82370A611CBF7311003C745A /* Build configuration list for PBXNativeTarget "healthjjak_guestTests" */ = {
			isa = XCConfigurationList;
			buildConfigurations = (
				82370A621CBF7311003C745A /* Debug */,
				82370A631CBF7311003C745A /* Release */,
			);
			defaultConfigurationIsVisible = 0;
			defaultConfigurationName = Release;
		};
		82370A641CBF7311003C745A /* Build configuration list for PBXNativeTarget "healthjjak_guestUITests" */ = {
			isa = XCConfigurationList;
			buildConfigurations = (
				82370A651CBF7311003C745A /* Debug */,
				82370A661CBF7311003C745A /* Release */,
			);
			defaultConfigurationIsVisible = 0;
			defaultConfigurationName = Release;
		};
/* End XCConfigurationList section */
	};
	rootObject = 82370A2E1CBF7311003C745A /* Project object */;
}
